// !$*UTF8*$!
{
	archiveVersion = 1;
	classes = {
	};
	objectVersion = 46;
	objects = {

/* Begin PBXBuildFile section */
		10004B4B15CF0C3B00C4234E /* UIView+Frame.m in Sources */ = {isa = PBXBuildFile; fileRef = 10004B4A15CF0C3B00C4234E /* UIView+Frame.m */; };
		10004B4E15CF0FFF00C4234E /* FrameViewController.m in Sources */ = {isa = PBXBuildFile; fileRef = 10004B4D15CF0FFF00C4234E /* FrameViewController.m */; };
		10004B5115CFB44400C4234E /* NSObject+Convenience.m in Sources */ = {isa = PBXBuildFile; fileRef = 10004B5015CFB44300C4234E /* NSObject+Convenience.m */; };
		10004B5215CFB44400C4234E /* NSObject+Convenience.m in Sources */ = {isa = PBXBuildFile; fileRef = 10004B5015CFB44300C4234E /* NSObject+Convenience.m */; };
		10004B5915CFB55A00C4234E /* UIViewFrameTests.m in Sources */ = {isa = PBXBuildFile; fileRef = 10004B5815CFB55A00C4234E /* UIViewFrameTests.m */; };
		10004B5E15CFC7EA00C4234E /* NSObjectTests.m in Sources */ = {isa = PBXBuildFile; fileRef = 10004B5D15CFC7EA00C4234E /* NSObjectTests.m */; };
		10004B6115CFC98500C4234E /* FPLogTests.m in Sources */ = {isa = PBXBuildFile; fileRef = 10004B6015CFC98500C4234E /* FPLogTests.m */; };
		10004B6415CFC99800C4234E /* FPStringTests.m in Sources */ = {isa = PBXBuildFile; fileRef = 10004B6315CFC99800C4234E /* FPStringTests.m */; };
		10004B6715CFC9AB00C4234E /* FPSharedInstanceTests.m in Sources */ = {isa = PBXBuildFile; fileRef = 10004B6615CFC9AB00C4234E /* FPSharedInstanceTests.m */; };
		1011C33A15E77C9B00B46828 /* NSObject+Null.m in Sources */ = {isa = PBXBuildFile; fileRef = 1011C33915E77C9B00B46828 /* NSObject+Null.m */; };
		1011C33B15E77C9B00B46828 /* NSObject+Null.m in Sources */ = {isa = PBXBuildFile; fileRef = 1011C33915E77C9B00B46828 /* NSObject+Null.m */; };
		1011C34315E792AC00B46828 /* NSString+Blank.m in Sources */ = {isa = PBXBuildFile; fileRef = 1011C34215E792AC00B46828 /* NSString+Blank.m */; };
		1011C34415E792AC00B46828 /* NSString+Blank.m in Sources */ = {isa = PBXBuildFile; fileRef = 1011C34215E792AC00B46828 /* NSString+Blank.m */; };
		1011C34715E7A4E000B46828 /* NSStringTest.m in Sources */ = {isa = PBXBuildFile; fileRef = 1011C34615E7A4E000B46828 /* NSStringTest.m */; };
		1011C34815E7A67700B46828 /* FPLog.m in Sources */ = {isa = PBXBuildFile; fileRef = 1042AA9B15B296CD00F118A7 /* FPLog.m */; };
		1011C34B15E7AABE00B46828 /* FPURLTest.m in Sources */ = {isa = PBXBuildFile; fileRef = 1011C34A15E7AABE00B46828 /* FPURLTest.m */; };
		1011C34E15E7AFDD00B46828 /* FPDate.m in Sources */ = {isa = PBXBuildFile; fileRef = 1011C34D15E7AFDC00B46828 /* FPDate.m */; };
		1011C34F15E7AFDD00B46828 /* FPDate.m in Sources */ = {isa = PBXBuildFile; fileRef = 1011C34D15E7AFDC00B46828 /* FPDate.m */; };
		1011C35215E7B34200B46828 /* FPDateTest.m in Sources */ = {isa = PBXBuildFile; fileRef = 1011C35115E7B34200B46828 /* FPDateTest.m */; };
		103B485F15D4C80900C4FC06 /* FPThread.m in Sources */ = {isa = PBXBuildFile; fileRef = 103B485E15D4C80900C4FC06 /* FPThread.m */; };
		1042AA4B15B28DE300F118A7 /* UIKit.framework in Frameworks */ = {isa = PBXBuildFile; fileRef = 1042AA4A15B28DE300F118A7 /* UIKit.framework */; };
		1042AA4D15B28DE300F118A7 /* Foundation.framework in Frameworks */ = {isa = PBXBuildFile; fileRef = 1042AA4C15B28DE300F118A7 /* Foundation.framework */; };
		1042AA4F15B28DE300F118A7 /* CoreGraphics.framework in Frameworks */ = {isa = PBXBuildFile; fileRef = 1042AA4E15B28DE300F118A7 /* CoreGraphics.framework */; };
		1042AA5515B28DE300F118A7 /* InfoPlist.strings in Resources */ = {isa = PBXBuildFile; fileRef = 1042AA5315B28DE300F118A7 /* InfoPlist.strings */; };
		1042AA5715B28DE300F118A7 /* main.m in Sources */ = {isa = PBXBuildFile; fileRef = 1042AA5615B28DE300F118A7 /* main.m */; };
		1042AA5B15B28DE300F118A7 /* AppDelegate.m in Sources */ = {isa = PBXBuildFile; fileRef = 1042AA5A15B28DE300F118A7 /* AppDelegate.m */; };
		1042AA5E15B28DE300F118A7 /* MainStoryboard.storyboard in Resources */ = {isa = PBXBuildFile; fileRef = 1042AA5C15B28DE300F118A7 /* MainStoryboard.storyboard */; };
		1042AA6115B28DE300F118A7 /* ViewController.m in Sources */ = {isa = PBXBuildFile; fileRef = 1042AA6015B28DE300F118A7 /* ViewController.m */; };
		1042AA6915B28DE300F118A7 /* SenTestingKit.framework in Frameworks */ = {isa = PBXBuildFile; fileRef = 1042AA6815B28DE300F118A7 /* SenTestingKit.framework */; };
		1042AA6A15B28DE300F118A7 /* UIKit.framework in Frameworks */ = {isa = PBXBuildFile; fileRef = 1042AA4A15B28DE300F118A7 /* UIKit.framework */; };
		1042AA6B15B28DE300F118A7 /* Foundation.framework in Frameworks */ = {isa = PBXBuildFile; fileRef = 1042AA4C15B28DE300F118A7 /* Foundation.framework */; };
		1042AA7315B28DE300F118A7 /* InfoPlist.strings in Resources */ = {isa = PBXBuildFile; fileRef = 1042AA7115B28DE300F118A7 /* InfoPlist.strings */; };
		1042AA7615B28DE300F118A7 /* FountainPenTests.m in Sources */ = {isa = PBXBuildFile; fileRef = 1042AA7515B28DE300F118A7 /* FountainPenTests.m */; };
		1042AA9E15B296CD00F118A7 /* FPAlert.m in Sources */ = {isa = PBXBuildFile; fileRef = 1042AA9615B296CD00F118A7 /* FPAlert.m */; };
		1042AA9F15B296CD00F118A7 /* FPSheet.m in Sources */ = {isa = PBXBuildFile; fileRef = 1042AA9815B296CD00F118A7 /* FPSheet.m */; };
		1042AAA015B296CD00F118A7 /* FPLog.m in Sources */ = {isa = PBXBuildFile; fileRef = 1042AA9B15B296CD00F118A7 /* FPLog.m */; };
		1042AAA115B296CD00F118A7 /* FPSharedInstance.m in Sources */ = {isa = PBXBuildFile; fileRef = 1042AA9D15B296CD00F118A7 /* FPSharedInstance.m */; };
		1042AAA515B2A28600F118A7 /* FPLocalize.m in Sources */ = {isa = PBXBuildFile; fileRef = 1042AAA415B2A28600F118A7 /* FPLocalize.m */; };
		1042AAAA15B2A7C900F118A7 /* Localizable.strings in Resources */ = {isa = PBXBuildFile; fileRef = 1042AAAC15B2A7C900F118A7 /* Localizable.strings */; };
		1042AAB015B2B40800F118A7 /* FPString.m in Sources */ = {isa = PBXBuildFile; fileRef = 1042AAAF15B2B40800F118A7 /* FPString.m */; };
		1058FFF015D2955600DDB7AF /* FPNetwork.m in Sources */ = {isa = PBXBuildFile; fileRef = 1058FFEF15D2955600DDB7AF /* FPNetwork.m */; };
		105A29D515DA3616001B8969 /* FPURL.m in Sources */ = {isa = PBXBuildFile; fileRef = 105A29D415DA3616001B8969 /* FPURL.m */; };
		10AF08C116A79A07007313D0 /* NSArray+Monolithic.m in Sources */ = {isa = PBXBuildFile; fileRef = 10AF08C016A79A07007313D0 /* NSArray+Monolithic.m */; };
		10AF08C216A79A07007313D0 /* NSArray+Monolithic.m in Sources */ = {isa = PBXBuildFile; fileRef = 10AF08C016A79A07007313D0 /* NSArray+Monolithic.m */; };
		10AF08C316A79A07007313D0 /* NSArray+Monolithic.m in Sources */ = {isa = PBXBuildFile; fileRef = 10AF08C016A79A07007313D0 /* NSArray+Monolithic.m */; };
		10C0B172166E0CD500E99F8C /* CoreGraphics.framework in Frameworks */ = {isa = PBXBuildFile; fileRef = 1042AA4E15B28DE300F118A7 /* CoreGraphics.framework */; };
		10C0B17A166E0DE600E99F8C /* SenTestingKit.framework in Frameworks */ = {isa = PBXBuildFile; fileRef = 1042AA6815B28DE300F118A7 /* SenTestingKit.framework */; };
		10C0B17B166E0DE600E99F8C /* UIKit.framework in Frameworks */ = {isa = PBXBuildFile; fileRef = 1042AA4A15B28DE300F118A7 /* UIKit.framework */; };
		10C0B17C166E0DE600E99F8C /* Foundation.framework in Frameworks */ = {isa = PBXBuildFile; fileRef = 1042AA4C15B28DE300F118A7 /* Foundation.framework */; };
		10C0B182166E0DE600E99F8C /* InfoPlist.strings in Resources */ = {isa = PBXBuildFile; fileRef = 10C0B180166E0DE600E99F8C /* InfoPlist.strings */; };
		10C0B185166E0DE600E99F8C /* FountainPenLogicTests.m in Sources */ = {isa = PBXBuildFile; fileRef = 10C0B184166E0DE600E99F8C /* FountainPenLogicTests.m */; };
		10E261CC166C8E71001877DB /* UIImage+More.m in Sources */ = {isa = PBXBuildFile; fileRef = 10E261CB166C8E71001877DB /* UIImage+More.m */; };
		10E261CD166C8E71001877DB /* UIImage+More.m in Sources */ = {isa = PBXBuildFile; fileRef = 10E261CB166C8E71001877DB /* UIImage+More.m */; };
/* End PBXBuildFile section */

/* Begin PBXContainerItemProxy section */
		1042AA6C15B28DE300F118A7 /* PBXContainerItemProxy */ = {
			isa = PBXContainerItemProxy;
			containerPortal = 1042AA3D15B28DE300F118A7 /* Project object */;
			proxyType = 1;
			remoteGlobalIDString = 1042AA4515B28DE300F118A7;
			remoteInfo = FountainPen;
		};
/* End PBXContainerItemProxy section */

/* Begin PBXFileReference section */
		10004B4915CF0C3B00C4234E /* UIView+Frame.h */ = {isa = PBXFileReference; fileEncoding = 4; lastKnownFileType = sourcecode.c.h; path = "UIView+Frame.h"; sourceTree = "<group>"; };
		10004B4A15CF0C3B00C4234E /* UIView+Frame.m */ = {isa = PBXFileReference; fileEncoding = 4; lastKnownFileType = sourcecode.c.objc; path = "UIView+Frame.m"; sourceTree = "<group>"; };
		10004B4C15CF0FFF00C4234E /* FrameViewController.h */ = {isa = PBXFileReference; fileEncoding = 4; lastKnownFileType = sourcecode.c.h; path = FrameViewController.h; sourceTree = "<group>"; };
		10004B4D15CF0FFF00C4234E /* FrameViewController.m */ = {isa = PBXFileReference; fileEncoding = 4; lastKnownFileType = sourcecode.c.objc; path = FrameViewController.m; sourceTree = "<group>"; };
		10004B4F15CFB44200C4234E /* NSObject+Convenience.h */ = {isa = PBXFileReference; fileEncoding = 4; lastKnownFileType = sourcecode.c.h; path = "NSObject+Convenience.h"; sourceTree = "<group>"; };
		10004B5015CFB44300C4234E /* NSObject+Convenience.m */ = {isa = PBXFileReference; fileEncoding = 4; lastKnownFileType = sourcecode.c.objc; path = "NSObject+Convenience.m"; sourceTree = "<group>"; };
		10004B5715CFB55A00C4234E /* UIViewFrameTests.h */ = {isa = PBXFileReference; fileEncoding = 4; lastKnownFileType = sourcecode.c.h; path = UIViewFrameTests.h; sourceTree = "<group>"; };
		10004B5815CFB55A00C4234E /* UIViewFrameTests.m */ = {isa = PBXFileReference; fileEncoding = 4; lastKnownFileType = sourcecode.c.objc; path = UIViewFrameTests.m; sourceTree = "<group>"; };
		10004B5C15CFC7EA00C4234E /* NSObjectTests.h */ = {isa = PBXFileReference; fileEncoding = 4; lastKnownFileType = sourcecode.c.h; path = NSObjectTests.h; sourceTree = "<group>"; };
		10004B5D15CFC7EA00C4234E /* NSObjectTests.m */ = {isa = PBXFileReference; fileEncoding = 4; lastKnownFileType = sourcecode.c.objc; path = NSObjectTests.m; sourceTree = "<group>"; };
		10004B5F15CFC98500C4234E /* FPLogTests.h */ = {isa = PBXFileReference; fileEncoding = 4; lastKnownFileType = sourcecode.c.h; path = FPLogTests.h; sourceTree = "<group>"; };
		10004B6015CFC98500C4234E /* FPLogTests.m */ = {isa = PBXFileReference; fileEncoding = 4; lastKnownFileType = sourcecode.c.objc; path = FPLogTests.m; sourceTree = "<group>"; };
		10004B6215CFC99800C4234E /* FPStringTests.h */ = {isa = PBXFileReference; fileEncoding = 4; lastKnownFileType = sourcecode.c.h; path = FPStringTests.h; sourceTree = "<group>"; };
		10004B6315CFC99800C4234E /* FPStringTests.m */ = {isa = PBXFileReference; fileEncoding = 4; lastKnownFileType = sourcecode.c.objc; path = FPStringTests.m; sourceTree = "<group>"; };
		10004B6515CFC9AB00C4234E /* FPSharedInstanceTests.h */ = {isa = PBXFileReference; fileEncoding = 4; lastKnownFileType = sourcecode.c.h; path = FPSharedInstanceTests.h; sourceTree = "<group>"; };
		10004B6615CFC9AB00C4234E /* FPSharedInstanceTests.m */ = {isa = PBXFileReference; fileEncoding = 4; lastKnownFileType = sourcecode.c.objc; path = FPSharedInstanceTests.m; sourceTree = "<group>"; };
		1011C33815E77C9B00B46828 /* NSObject+Null.h */ = {isa = PBXFileReference; fileEncoding = 4; lastKnownFileType = sourcecode.c.h; path = "NSObject+Null.h"; sourceTree = "<group>"; };
		1011C33915E77C9B00B46828 /* NSObject+Null.m */ = {isa = PBXFileReference; fileEncoding = 4; lastKnownFileType = sourcecode.c.objc; path = "NSObject+Null.m"; sourceTree = "<group>"; };
		1011C34115E792AC00B46828 /* NSString+Blank.h */ = {isa = PBXFileReference; fileEncoding = 4; lastKnownFileType = sourcecode.c.h; path = "NSString+Blank.h"; sourceTree = "<group>"; };
		1011C34215E792AC00B46828 /* NSString+Blank.m */ = {isa = PBXFileReference; fileEncoding = 4; lastKnownFileType = sourcecode.c.objc; path = "NSString+Blank.m"; sourceTree = "<group>"; };
		1011C34515E7A4E000B46828 /* NSStringTest.h */ = {isa = PBXFileReference; fileEncoding = 4; lastKnownFileType = sourcecode.c.h; path = NSStringTest.h; sourceTree = "<group>"; };
		1011C34615E7A4E000B46828 /* NSStringTest.m */ = {isa = PBXFileReference; fileEncoding = 4; lastKnownFileType = sourcecode.c.objc; path = NSStringTest.m; sourceTree = "<group>"; };
		1011C34915E7AABD00B46828 /* FPURLTest.h */ = {isa = PBXFileReference; fileEncoding = 4; lastKnownFileType = sourcecode.c.h; path = FPURLTest.h; sourceTree = "<group>"; };
		1011C34A15E7AABE00B46828 /* FPURLTest.m */ = {isa = PBXFileReference; fileEncoding = 4; lastKnownFileType = sourcecode.c.objc; path = FPURLTest.m; sourceTree = "<group>"; };
		1011C34C15E7AFDC00B46828 /* FPDate.h */ = {isa = PBXFileReference; fileEncoding = 4; lastKnownFileType = sourcecode.c.h; path = FPDate.h; sourceTree = "<group>"; };
		1011C34D15E7AFDC00B46828 /* FPDate.m */ = {isa = PBXFileReference; fileEncoding = 4; lastKnownFileType = sourcecode.c.objc; path = FPDate.m; sourceTree = "<group>"; };
		1011C35015E7B34200B46828 /* FPDateTest.h */ = {isa = PBXFileReference; fileEncoding = 4; lastKnownFileType = sourcecode.c.h; path = FPDateTest.h; sourceTree = "<group>"; };
		1011C35115E7B34200B46828 /* FPDateTest.m */ = {isa = PBXFileReference; fileEncoding = 4; lastKnownFileType = sourcecode.c.objc; path = FPDateTest.m; sourceTree = "<group>"; };
		103B485D15D4C80900C4FC06 /* FPThread.h */ = {isa = PBXFileReference; fileEncoding = 4; lastKnownFileType = sourcecode.c.h; path = FPThread.h; sourceTree = "<group>"; };
		103B485E15D4C80900C4FC06 /* FPThread.m */ = {isa = PBXFileReference; fileEncoding = 4; lastKnownFileType = sourcecode.c.objc; path = FPThread.m; sourceTree = "<group>"; };
		1042AA4615B28DE300F118A7 /* FountainPen.app */ = {isa = PBXFileReference; explicitFileType = wrapper.application; includeInIndex = 0; path = FountainPen.app; sourceTree = BUILT_PRODUCTS_DIR; };
		1042AA4A15B28DE300F118A7 /* UIKit.framework */ = {isa = PBXFileReference; lastKnownFileType = wrapper.framework; name = UIKit.framework; path = System/Library/Frameworks/UIKit.framework; sourceTree = SDKROOT; };
		1042AA4C15B28DE300F118A7 /* Foundation.framework */ = {isa = PBXFileReference; lastKnownFileType = wrapper.framework; name = Foundation.framework; path = System/Library/Frameworks/Foundation.framework; sourceTree = SDKROOT; };
		1042AA4E15B28DE300F118A7 /* CoreGraphics.framework */ = {isa = PBXFileReference; lastKnownFileType = wrapper.framework; name = CoreGraphics.framework; path = System/Library/Frameworks/CoreGraphics.framework; sourceTree = SDKROOT; };
		1042AA5215B28DE300F118A7 /* FountainPen-Info.plist */ = {isa = PBXFileReference; lastKnownFileType = text.plist.xml; path = "FountainPen-Info.plist"; sourceTree = "<group>"; };
		1042AA5415B28DE300F118A7 /* en */ = {isa = PBXFileReference; lastKnownFileType = text.plist.strings; name = en; path = en.lproj/InfoPlist.strings; sourceTree = "<group>"; };
		1042AA5615B28DE300F118A7 /* main.m */ = {isa = PBXFileReference; lastKnownFileType = sourcecode.c.objc; path = main.m; sourceTree = "<group>"; };
		1042AA5815B28DE300F118A7 /* FountainPen-Prefix.pch */ = {isa = PBXFileReference; lastKnownFileType = sourcecode.c.h; path = "FountainPen-Prefix.pch"; sourceTree = "<group>"; };
		1042AA5915B28DE300F118A7 /* AppDelegate.h */ = {isa = PBXFileReference; lastKnownFileType = sourcecode.c.h; path = AppDelegate.h; sourceTree = "<group>"; };
		1042AA5A15B28DE300F118A7 /* AppDelegate.m */ = {isa = PBXFileReference; lastKnownFileType = sourcecode.c.objc; path = AppDelegate.m; sourceTree = "<group>"; };
		1042AA5D15B28DE300F118A7 /* en */ = {isa = PBXFileReference; lastKnownFileType = file.storyboard; name = en; path = en.lproj/MainStoryboard.storyboard; sourceTree = "<group>"; };
		1042AA5F15B28DE300F118A7 /* ViewController.h */ = {isa = PBXFileReference; lastKnownFileType = sourcecode.c.h; path = ViewController.h; sourceTree = "<group>"; };
		1042AA6015B28DE300F118A7 /* ViewController.m */ = {isa = PBXFileReference; lastKnownFileType = sourcecode.c.objc; path = ViewController.m; sourceTree = "<group>"; };
		1042AA6715B28DE300F118A7 /* FountainPenTests.octest */ = {isa = PBXFileReference; explicitFileType = wrapper.cfbundle; includeInIndex = 0; path = FountainPenTests.octest; sourceTree = BUILT_PRODUCTS_DIR; };
		1042AA6815B28DE300F118A7 /* SenTestingKit.framework */ = {isa = PBXFileReference; lastKnownFileType = wrapper.framework; name = SenTestingKit.framework; path = Library/Frameworks/SenTestingKit.framework; sourceTree = DEVELOPER_DIR; };
		1042AA7015B28DE300F118A7 /* FountainPenTests-Info.plist */ = {isa = PBXFileReference; lastKnownFileType = text.plist.xml; path = "FountainPenTests-Info.plist"; sourceTree = "<group>"; };
		1042AA7215B28DE300F118A7 /* en */ = {isa = PBXFileReference; lastKnownFileType = text.plist.strings; name = en; path = en.lproj/InfoPlist.strings; sourceTree = "<group>"; };
		1042AA7415B28DE300F118A7 /* FountainPenTests.h */ = {isa = PBXFileReference; lastKnownFileType = sourcecode.c.h; path = FountainPenTests.h; sourceTree = "<group>"; };
		1042AA7515B28DE300F118A7 /* FountainPenTests.m */ = {isa = PBXFileReference; lastKnownFileType = sourcecode.c.objc; path = FountainPenTests.m; sourceTree = "<group>"; };
		1042AA9515B296CD00F118A7 /* FPAlert.h */ = {isa = PBXFileReference; fileEncoding = 4; lastKnownFileType = sourcecode.c.h; name = FPAlert.h; path = ../UI/FPAlert.h; sourceTree = "<group>"; };
		1042AA9615B296CD00F118A7 /* FPAlert.m */ = {isa = PBXFileReference; fileEncoding = 4; lastKnownFileType = sourcecode.c.objc; name = FPAlert.m; path = ../UI/FPAlert.m; sourceTree = "<group>"; };
		1042AA9715B296CD00F118A7 /* FPSheet.h */ = {isa = PBXFileReference; fileEncoding = 4; lastKnownFileType = sourcecode.c.h; name = FPSheet.h; path = ../UI/FPSheet.h; sourceTree = "<group>"; };
		1042AA9815B296CD00F118A7 /* FPSheet.m */ = {isa = PBXFileReference; fileEncoding = 4; lastKnownFileType = sourcecode.c.objc; name = FPSheet.m; path = ../UI/FPSheet.m; sourceTree = "<group>"; };
		1042AA9A15B296CD00F118A7 /* FPLog.h */ = {isa = PBXFileReference; fileEncoding = 4; lastKnownFileType = sourcecode.c.h; path = FPLog.h; sourceTree = "<group>"; };
		1042AA9B15B296CD00F118A7 /* FPLog.m */ = {isa = PBXFileReference; fileEncoding = 4; lastKnownFileType = sourcecode.c.objc; path = FPLog.m; sourceTree = "<group>"; };
		1042AA9C15B296CD00F118A7 /* FPSharedInstance.h */ = {isa = PBXFileReference; fileEncoding = 4; lastKnownFileType = sourcecode.c.h; path = FPSharedInstance.h; sourceTree = "<group>"; };
		1042AA9D15B296CD00F118A7 /* FPSharedInstance.m */ = {isa = PBXFileReference; fileEncoding = 4; lastKnownFileType = sourcecode.c.objc; path = FPSharedInstance.m; sourceTree = "<group>"; };
		1042AAA215B2971600F118A7 /* FountainPen.h */ = {isa = PBXFileReference; lastKnownFileType = sourcecode.c.h; path = FountainPen.h; sourceTree = "<group>"; };
		1042AAA315B2A28600F118A7 /* FPLocalize.h */ = {isa = PBXFileReference; fileEncoding = 4; lastKnownFileType = sourcecode.c.h; path = FPLocalize.h; sourceTree = "<group>"; };
		1042AAA415B2A28600F118A7 /* FPLocalize.m */ = {isa = PBXFileReference; fileEncoding = 4; lastKnownFileType = sourcecode.c.objc; path = FPLocalize.m; sourceTree = "<group>"; };
		1042AAAB15B2A7C900F118A7 /* en */ = {isa = PBXFileReference; lastKnownFileType = text.plist.strings; name = en; path = en.lproj/Localizable.strings; sourceTree = "<group>"; };
		1042AAAD15B2A7D300F118A7 /* ja */ = {isa = PBXFileReference; lastKnownFileType = text.plist.strings; name = ja; path = ja.lproj/Localizable.strings; sourceTree = "<group>"; };
		1042AAAE15B2B40800F118A7 /* FPString.h */ = {isa = PBXFileReference; fileEncoding = 4; lastKnownFileType = sourcecode.c.h; path = FPString.h; sourceTree = "<group>"; };
		1042AAAF15B2B40800F118A7 /* FPString.m */ = {isa = PBXFileReference; fileEncoding = 4; lastKnownFileType = sourcecode.c.objc; path = FPString.m; sourceTree = "<group>"; };
		1058FFEE15D2955600DDB7AF /* FPNetwork.h */ = {isa = PBXFileReference; fileEncoding = 4; lastKnownFileType = sourcecode.c.h; path = FPNetwork.h; sourceTree = "<group>"; };
		1058FFEF15D2955600DDB7AF /* FPNetwork.m */ = {isa = PBXFileReference; fileEncoding = 4; lastKnownFileType = sourcecode.c.objc; path = FPNetwork.m; sourceTree = "<group>"; };
		105A29D315DA3616001B8969 /* FPURL.h */ = {isa = PBXFileReference; fileEncoding = 4; lastKnownFileType = sourcecode.c.h; path = FPURL.h; sourceTree = "<group>"; };
		105A29D415DA3616001B8969 /* FPURL.m */ = {isa = PBXFileReference; fileEncoding = 4; lastKnownFileType = sourcecode.c.objc; path = FPURL.m; sourceTree = "<group>"; };
		10AF08BF16A79A07007313D0 /* NSArray+Monolithic.h */ = {isa = PBXFileReference; fileEncoding = 4; lastKnownFileType = sourcecode.c.h; path = "NSArray+Monolithic.h"; sourceTree = "<group>"; };
		10AF08C016A79A07007313D0 /* NSArray+Monolithic.m */ = {isa = PBXFileReference; fileEncoding = 4; lastKnownFileType = sourcecode.c.objc; path = "NSArray+Monolithic.m"; sourceTree = "<group>"; };
		10C0B179166E0DE600E99F8C /* FountainPenLogicTests.octest */ = {isa = PBXFileReference; explicitFileType = wrapper.cfbundle; includeInIndex = 0; path = FountainPenLogicTests.octest; sourceTree = BUILT_PRODUCTS_DIR; };
		10C0B17F166E0DE600E99F8C /* FountainPenLogicTests-Info.plist */ = {isa = PBXFileReference; lastKnownFileType = text.plist.xml; path = "FountainPenLogicTests-Info.plist"; sourceTree = "<group>"; };
		10C0B181166E0DE600E99F8C /* en */ = {isa = PBXFileReference; lastKnownFileType = text.plist.strings; name = en; path = en.lproj/InfoPlist.strings; sourceTree = "<group>"; };
		10C0B183166E0DE600E99F8C /* FountainPenLogicTests.h */ = {isa = PBXFileReference; lastKnownFileType = sourcecode.c.h; path = FountainPenLogicTests.h; sourceTree = "<group>"; };
		10C0B184166E0DE600E99F8C /* FountainPenLogicTests.m */ = {isa = PBXFileReference; lastKnownFileType = sourcecode.c.objc; path = FountainPenLogicTests.m; sourceTree = "<group>"; };
		10C0B186166E0DE600E99F8C /* FountainPenLogicTests-Prefix.pch */ = {isa = PBXFileReference; lastKnownFileType = sourcecode.c.h; path = "FountainPenLogicTests-Prefix.pch"; sourceTree = "<group>"; };
		10E261CA166C8E71001877DB /* UIImage+More.h */ = {isa = PBXFileReference; fileEncoding = 4; lastKnownFileType = sourcecode.c.h; path = "UIImage+More.h"; sourceTree = "<group>"; };
		10E261CB166C8E71001877DB /* UIImage+More.m */ = {isa = PBXFileReference; fileEncoding = 4; lastKnownFileType = sourcecode.c.objc; path = "UIImage+More.m"; sourceTree = "<group>"; };
/* End PBXFileReference section */

/* Begin PBXFrameworksBuildPhase section */
		1042AA4315B28DE300F118A7 /* Frameworks */ = {
			isa = PBXFrameworksBuildPhase;
			buildActionMask = 2147483647;
			files = (
				1042AA4B15B28DE300F118A7 /* UIKit.framework in Frameworks */,
				1042AA4D15B28DE300F118A7 /* Foundation.framework in Frameworks */,
				1042AA4F15B28DE300F118A7 /* CoreGraphics.framework in Frameworks */,
			);
			runOnlyForDeploymentPostprocessing = 0;
		};
		1042AA6315B28DE300F118A7 /* Frameworks */ = {
			isa = PBXFrameworksBuildPhase;
			buildActionMask = 2147483647;
			files = (
				1042AA6915B28DE300F118A7 /* SenTestingKit.framework in Frameworks */,
				1042AA6A15B28DE300F118A7 /* UIKit.framework in Frameworks */,
				1042AA6B15B28DE300F118A7 /* Foundation.framework in Frameworks */,
				10C0B172166E0CD500E99F8C /* CoreGraphics.framework in Frameworks */,
			);
			runOnlyForDeploymentPostprocessing = 0;
		};
		10C0B175166E0DE600E99F8C /* Frameworks */ = {
			isa = PBXFrameworksBuildPhase;
			buildActionMask = 2147483647;
			files = (
				10C0B17A166E0DE600E99F8C /* SenTestingKit.framework in Frameworks */,
				10C0B17B166E0DE600E99F8C /* UIKit.framework in Frameworks */,
				10C0B17C166E0DE600E99F8C /* Foundation.framework in Frameworks */,
			);
			runOnlyForDeploymentPostprocessing = 0;
		};
/* End PBXFrameworksBuildPhase section */

/* Begin PBXGroup section */
		10004B5515CFB4CC00C4234E /* UI */ = {
			isa = PBXGroup;
			children = (
				10004B5A15CFC7C600C4234E /* Category */,
			);
			path = UI;
			sourceTree = "<group>";
		};
		10004B5615CFB4CC00C4234E /* Utility */ = {
			isa = PBXGroup;
			children = (
				10004B5B15CFC7D400C4234E /* Category */,
				10004B5F15CFC98500C4234E /* FPLogTests.h */,
				10004B6015CFC98500C4234E /* FPLogTests.m */,
				10004B6215CFC99800C4234E /* FPStringTests.h */,
				10004B6315CFC99800C4234E /* FPStringTests.m */,
				10004B6515CFC9AB00C4234E /* FPSharedInstanceTests.h */,
				10004B6615CFC9AB00C4234E /* FPSharedInstanceTests.m */,
				1011C34915E7AABD00B46828 /* FPURLTest.h */,
				1011C34A15E7AABE00B46828 /* FPURLTest.m */,
				1011C35015E7B34200B46828 /* FPDateTest.h */,
				1011C35115E7B34200B46828 /* FPDateTest.m */,
			);
			path = Utility;
			sourceTree = "<group>";
		};
		10004B5A15CFC7C600C4234E /* Category */ = {
			isa = PBXGroup;
			children = (
				10004B5715CFB55A00C4234E /* UIViewFrameTests.h */,
				10004B5815CFB55A00C4234E /* UIViewFrameTests.m */,
			);
			name = Category;
			sourceTree = "<group>";
		};
		10004B5B15CFC7D400C4234E /* Category */ = {
			isa = PBXGroup;
			children = (
				10004B5C15CFC7EA00C4234E /* NSObjectTests.h */,
				10004B5D15CFC7EA00C4234E /* NSObjectTests.m */,
				1011C34515E7A4E000B46828 /* NSStringTest.h */,
				1011C34615E7A4E000B46828 /* NSStringTest.m */,
			);
			name = Category;
			sourceTree = "<group>";
		};
		1042AA3B15B28DE300F118A7 = {
			isa = PBXGroup;
			children = (
				1042AA5015B28DE300F118A7 /* FountainPen */,
				1042AA6E15B28DE300F118A7 /* FountainPenTests */,
				10C0B17D166E0DE600E99F8C /* FountainPenLogicTests */,
				1042AA4915B28DE300F118A7 /* Frameworks */,
				1042AA4715B28DE300F118A7 /* Products */,
			);
			sourceTree = "<group>";
		};
		1042AA4715B28DE300F118A7 /* Products */ = {
			isa = PBXGroup;
			children = (
				1042AA4615B28DE300F118A7 /* FountainPen.app */,
				1042AA6715B28DE300F118A7 /* FountainPenTests.octest */,
				10C0B179166E0DE600E99F8C /* FountainPenLogicTests.octest */,
			);
			name = Products;
			sourceTree = "<group>";
		};
		1042AA4915B28DE300F118A7 /* Frameworks */ = {
			isa = PBXGroup;
			children = (
				1042AA4A15B28DE300F118A7 /* UIKit.framework */,
				1042AA4C15B28DE300F118A7 /* Foundation.framework */,
				1042AA4E15B28DE300F118A7 /* CoreGraphics.framework */,
				1042AA6815B28DE300F118A7 /* SenTestingKit.framework */,
			);
			name = Frameworks;
			sourceTree = "<group>";
		};
		1042AA5015B28DE300F118A7 /* FountainPen */ = {
			isa = PBXGroup;
			children = (
				1042AA8A15B28E5A00F118A7 /* View */,
				1042AA9315B296CD00F118A7 /* FountainPen */,
				1042AAA715B2A71300F118A7 /* Resources */,
				1042AA5115B28DE300F118A7 /* Supporting Files */,
			);
			path = FountainPen;
			sourceTree = "<group>";
		};
		1042AA5115B28DE300F118A7 /* Supporting Files */ = {
			isa = PBXGroup;
			children = (
				1042AA5215B28DE300F118A7 /* FountainPen-Info.plist */,
				1042AA5315B28DE300F118A7 /* InfoPlist.strings */,
				1042AA5615B28DE300F118A7 /* main.m */,
				1042AA5815B28DE300F118A7 /* FountainPen-Prefix.pch */,
			);
			name = "Supporting Files";
			sourceTree = "<group>";
		};
		1042AA6E15B28DE300F118A7 /* FountainPenTests */ = {
			isa = PBXGroup;
			children = (
				1042AA7415B28DE300F118A7 /* FountainPenTests.h */,
				1042AA7515B28DE300F118A7 /* FountainPenTests.m */,
				10004B5615CFB4CC00C4234E /* Utility */,
				10004B5515CFB4CC00C4234E /* UI */,
				1042AA6F15B28DE300F118A7 /* Supporting Files */,
			);
			path = FountainPenTests;
			sourceTree = "<group>";
		};
		1042AA6F15B28DE300F118A7 /* Supporting Files */ = {
			isa = PBXGroup;
			children = (
				1042AA7015B28DE300F118A7 /* FountainPenTests-Info.plist */,
				1042AA7115B28DE300F118A7 /* InfoPlist.strings */,
			);
			name = "Supporting Files";
			sourceTree = "<group>";
		};
		1042AA8A15B28E5A00F118A7 /* View */ = {
			isa = PBXGroup;
			children = (
				1042AA5915B28DE300F118A7 /* AppDelegate.h */,
				1042AA5A15B28DE300F118A7 /* AppDelegate.m */,
				1042AA5C15B28DE300F118A7 /* MainStoryboard.storyboard */,
				1042AA5F15B28DE300F118A7 /* ViewController.h */,
				1042AA6015B28DE300F118A7 /* ViewController.m */,
				10004B4C15CF0FFF00C4234E /* FrameViewController.h */,
				10004B4D15CF0FFF00C4234E /* FrameViewController.m */,
			);
			name = View;
			sourceTree = "<group>";
		};
		1042AA9315B296CD00F118A7 /* FountainPen */ = {
			isa = PBXGroup;
			children = (
				1042AAA215B2971600F118A7 /* FountainPen.h */,
				1042AA9915B296CD00F118A7 /* Utility */,
				1042AA9415B296CD00F118A7 /* UI */,
			);
			path = FountainPen;
			sourceTree = "<group>";
		};
		1042AA9415B296CD00F118A7 /* UI */ = {
			isa = PBXGroup;
			children = (
				1058FFF515D297BC00DDB7AF /* View */,
				1058FFF415D2979A00DDB7AF /* Dialog */,
			);
			path = UI;
			sourceTree = "<group>";
		};
		1042AA9915B296CD00F118A7 /* Utility */ = {
			isa = PBXGroup;
			children = (
				1058FFF215D2977F00DDB7AF /* Object */,
				1058FFF315D2979000DDB7AF /* Network */,
				1042AA9A15B296CD00F118A7 /* FPLog.h */,
				1042AA9B15B296CD00F118A7 /* FPLog.m */,
				1042AAA315B2A28600F118A7 /* FPLocalize.h */,
				1042AAA415B2A28600F118A7 /* FPLocalize.m */,
				1042AAAE15B2B40800F118A7 /* FPString.h */,
				1042AAAF15B2B40800F118A7 /* FPString.m */,
				1058FFEE15D2955600DDB7AF /* FPNetwork.h */,
				1058FFEF15D2955600DDB7AF /* FPNetwork.m */,
				103B485D15D4C80900C4FC06 /* FPThread.h */,
				103B485E15D4C80900C4FC06 /* FPThread.m */,
				105A29D315DA3616001B8969 /* FPURL.h */,
				105A29D415DA3616001B8969 /* FPURL.m */,
				1011C34C15E7AFDC00B46828 /* FPDate.h */,
				1011C34D15E7AFDC00B46828 /* FPDate.m */,
			);
			path = Utility;
			sourceTree = "<group>";
		};
		1042AAA715B2A71300F118A7 /* Resources */ = {
			isa = PBXGroup;
			children = (
				1042AAAC15B2A7C900F118A7 /* Localizable.strings */,
			);
			path = Resources;
			sourceTree = "<group>";
		};
		1058FFF215D2977F00DDB7AF /* Object */ = {
			isa = PBXGroup;
			children = (
				10AF08BF16A79A07007313D0 /* NSArray+Monolithic.h */,
				10AF08C016A79A07007313D0 /* NSArray+Monolithic.m */,
				1011C33815E77C9B00B46828 /* NSObject+Null.h */,
				1011C33915E77C9B00B46828 /* NSObject+Null.m */,
				10004B4F15CFB44200C4234E /* NSObject+Convenience.h */,
				10004B5015CFB44300C4234E /* NSObject+Convenience.m */,
				1011C34115E792AC00B46828 /* NSString+Blank.h */,
				1011C34215E792AC00B46828 /* NSString+Blank.m */,
				1042AA9C15B296CD00F118A7 /* FPSharedInstance.h */,
				1042AA9D15B296CD00F118A7 /* FPSharedInstance.m */,
			);
			name = Object;
			sourceTree = "<group>";
		};
		1058FFF315D2979000DDB7AF /* Network */ = {
			isa = PBXGroup;
			children = (
			);
			name = Network;
			sourceTree = "<group>";
		};
		1058FFF415D2979A00DDB7AF /* Dialog */ = {
			isa = PBXGroup;
			children = (
				1042AA9515B296CD00F118A7 /* FPAlert.h */,
				1042AA9615B296CD00F118A7 /* FPAlert.m */,
				1042AA9715B296CD00F118A7 /* FPSheet.h */,
				1042AA9815B296CD00F118A7 /* FPSheet.m */,
			);
			name = Dialog;
			path = ../Utility;
			sourceTree = "<group>";
		};
		1058FFF515D297BC00DDB7AF /* View */ = {
			isa = PBXGroup;
			children = (
				10E261CA166C8E71001877DB /* UIImage+More.h */,
				10E261CB166C8E71001877DB /* UIImage+More.m */,
				10004B4915CF0C3B00C4234E /* UIView+Frame.h */,
				10004B4A15CF0C3B00C4234E /* UIView+Frame.m */,
			);
			name = View;
			sourceTree = "<group>";
		};
		10C0B17D166E0DE600E99F8C /* FountainPenLogicTests */ = {
			isa = PBXGroup;
			children = (
				10C0B183166E0DE600E99F8C /* FountainPenLogicTests.h */,
				10C0B184166E0DE600E99F8C /* FountainPenLogicTests.m */,
				10C0B17E166E0DE600E99F8C /* Supporting Files */,
			);
			path = FountainPenLogicTests;
			sourceTree = "<group>";
		};
		10C0B17E166E0DE600E99F8C /* Supporting Files */ = {
			isa = PBXGroup;
			children = (
				10C0B17F166E0DE600E99F8C /* FountainPenLogicTests-Info.plist */,
				10C0B180166E0DE600E99F8C /* InfoPlist.strings */,
				10C0B186166E0DE600E99F8C /* FountainPenLogicTests-Prefix.pch */,
			);
			name = "Supporting Files";
			sourceTree = "<group>";
		};
/* End PBXGroup section */

/* Begin PBXNativeTarget section */
		1042AA4515B28DE300F118A7 /* FountainPen */ = {
			isa = PBXNativeTarget;
			buildConfigurationList = 1042AA7915B28DE300F118A7 /* Build configuration list for PBXNativeTarget "FountainPen" */;
			buildPhases = (
				1042AA4215B28DE300F118A7 /* Sources */,
				1042AA4315B28DE300F118A7 /* Frameworks */,
				1042AA4415B28DE300F118A7 /* Resources */,
			);
			buildRules = (
			);
			dependencies = (
			);
			name = FountainPen;
			productName = FountainPen;
			productReference = 1042AA4615B28DE300F118A7 /* FountainPen.app */;
			productType = "com.apple.product-type.application";
		};
		1042AA6615B28DE300F118A7 /* FountainPenTests */ = {
			isa = PBXNativeTarget;
			buildConfigurationList = 1042AA7C15B28DE300F118A7 /* Build configuration list for PBXNativeTarget "FountainPenTests" */;
			buildPhases = (
				1042AA6215B28DE300F118A7 /* Sources */,
				1042AA6315B28DE300F118A7 /* Frameworks */,
				1042AA6415B28DE300F118A7 /* Resources */,
				1042AA6515B28DE300F118A7 /* ShellScript */,
			);
			buildRules = (
			);
			dependencies = (
				1042AA6D15B28DE300F118A7 /* PBXTargetDependency */,
			);
			name = FountainPenTests;
			productName = FountainPenTests;
			productReference = 1042AA6715B28DE300F118A7 /* FountainPenTests.octest */;
			productType = "com.apple.product-type.bundle";
		};
		10C0B178166E0DE600E99F8C /* FountainPenLogicTests */ = {
			isa = PBXNativeTarget;
			buildConfigurationList = 10C0B187166E0DE600E99F8C /* Build configuration list for PBXNativeTarget "FountainPenLogicTests" */;
			buildPhases = (
				10C0B174166E0DE600E99F8C /* Sources */,
				10C0B175166E0DE600E99F8C /* Frameworks */,
				10C0B176166E0DE600E99F8C /* Resources */,
				10C0B177166E0DE600E99F8C /* ShellScript */,
			);
			buildRules = (
			);
			dependencies = (
			);
			name = FountainPenLogicTests;
			productName = FountainPenLogicTests;
			productReference = 10C0B179166E0DE600E99F8C /* FountainPenLogicTests.octest */;
			productType = "com.apple.product-type.bundle";
		};
/* End PBXNativeTarget section */

/* Begin PBXProject section */
		1042AA3D15B28DE300F118A7 /* Project object */ = {
			isa = PBXProject;
			attributes = {
				LastUpgradeCheck = 0430;
			};
			buildConfigurationList = 1042AA4015B28DE300F118A7 /* Build configuration list for PBXProject "FountainPen" */;
			compatibilityVersion = "Xcode 3.2";
			developmentRegion = English;
			hasScannedForEncodings = 0;
			knownRegions = (
				en,
				ja,
			);
			mainGroup = 1042AA3B15B28DE300F118A7;
			productRefGroup = 1042AA4715B28DE300F118A7 /* Products */;
			projectDirPath = "";
			projectRoot = "";
			targets = (
				1042AA4515B28DE300F118A7 /* FountainPen */,
				1042AA6615B28DE300F118A7 /* FountainPenTests */,
				10C0B178166E0DE600E99F8C /* FountainPenLogicTests */,
			);
		};
/* End PBXProject section */

/* Begin PBXResourcesBuildPhase section */
		1042AA4415B28DE300F118A7 /* Resources */ = {
			isa = PBXResourcesBuildPhase;
			buildActionMask = 2147483647;
			files = (
				1042AA5515B28DE300F118A7 /* InfoPlist.strings in Resources */,
				1042AA5E15B28DE300F118A7 /* MainStoryboard.storyboard in Resources */,
				1042AAAA15B2A7C900F118A7 /* Localizable.strings in Resources */,
			);
			runOnlyForDeploymentPostprocessing = 0;
		};
		1042AA6415B28DE300F118A7 /* Resources */ = {
			isa = PBXResourcesBuildPhase;
			buildActionMask = 2147483647;
			files = (
				1042AA7315B28DE300F118A7 /* InfoPlist.strings in Resources */,
			);
			runOnlyForDeploymentPostprocessing = 0;
		};
		10C0B176166E0DE600E99F8C /* Resources */ = {
			isa = PBXResourcesBuildPhase;
			buildActionMask = 2147483647;
			files = (
				10C0B182166E0DE600E99F8C /* InfoPlist.strings in Resources */,
			);
			runOnlyForDeploymentPostprocessing = 0;
		};
/* End PBXResourcesBuildPhase section */

/* Begin PBXShellScriptBuildPhase section */
		1042AA6515B28DE300F118A7 /* ShellScript */ = {
			isa = PBXShellScriptBuildPhase;
			buildActionMask = 2147483647;
			files = (
			);
			inputPaths = (
			);
			outputPaths = (
			);
			runOnlyForDeploymentPostprocessing = 0;
			shellPath = /bin/sh;
			shellScript = "# Run the unit tests in this test bundle.\n\"${SYSTEM_DEVELOPER_DIR}/Tools/RunUnitTests\"\n";
		};
		10C0B177166E0DE600E99F8C /* ShellScript */ = {
			isa = PBXShellScriptBuildPhase;
			buildActionMask = 2147483647;
			files = (
			);
			inputPaths = (
			);
			outputPaths = (
			);
			runOnlyForDeploymentPostprocessing = 0;
			shellPath = /bin/sh;
			shellScript = "# Run the unit tests in this test bundle.\n\"${SYSTEM_DEVELOPER_DIR}/Tools/RunUnitTests\"\n";
		};
/* End PBXShellScriptBuildPhase section */

/* Begin PBXSourcesBuildPhase section */
		1042AA4215B28DE300F118A7 /* Sources */ = {
			isa = PBXSourcesBuildPhase;
			buildActionMask = 2147483647;
			files = (
				1042AA5715B28DE300F118A7 /* main.m in Sources */,
				1042AA5B15B28DE300F118A7 /* AppDelegate.m in Sources */,
				1042AA6115B28DE300F118A7 /* ViewController.m in Sources */,
				1042AA9E15B296CD00F118A7 /* FPAlert.m in Sources */,
				1042AA9F15B296CD00F118A7 /* FPSheet.m in Sources */,
				1042AAA015B296CD00F118A7 /* FPLog.m in Sources */,
				1042AAA115B296CD00F118A7 /* FPSharedInstance.m in Sources */,
				1042AAA515B2A28600F118A7 /* FPLocalize.m in Sources */,
				1042AAB015B2B40800F118A7 /* FPString.m in Sources */,
				10004B4B15CF0C3B00C4234E /* UIView+Frame.m in Sources */,
				10004B4E15CF0FFF00C4234E /* FrameViewController.m in Sources */,
				10004B5115CFB44400C4234E /* NSObject+Convenience.m in Sources */,
				1058FFF015D2955600DDB7AF /* FPNetwork.m in Sources */,
				103B485F15D4C80900C4FC06 /* FPThread.m in Sources */,
				105A29D515DA3616001B8969 /* FPURL.m in Sources */,
				1011C33A15E77C9B00B46828 /* NSObject+Null.m in Sources */,
				1011C34315E792AC00B46828 /* NSString+Blank.m in Sources */,
				1011C34E15E7AFDD00B46828 /* FPDate.m in Sources */,
				10E261CC166C8E71001877DB /* UIImage+More.m in Sources */,
				10AF08C116A79A07007313D0 /* NSArray+Monolithic.m in Sources */,
			);
			runOnlyForDeploymentPostprocessing = 0;
		};
		1042AA6215B28DE300F118A7 /* Sources */ = {
			isa = PBXSourcesBuildPhase;
			buildActionMask = 2147483647;
			files = (
				1042AA7615B28DE300F118A7 /* FountainPenTests.m in Sources */,
				10004B5215CFB44400C4234E /* NSObject+Convenience.m in Sources */,
				10004B5915CFB55A00C4234E /* UIViewFrameTests.m in Sources */,
				10004B5E15CFC7EA00C4234E /* NSObjectTests.m in Sources */,
				10004B6115CFC98500C4234E /* FPLogTests.m in Sources */,
				10004B6415CFC99800C4234E /* FPStringTests.m in Sources */,
				10004B6715CFC9AB00C4234E /* FPSharedInstanceTests.m in Sources */,
				1011C33B15E77C9B00B46828 /* NSObject+Null.m in Sources */,
				1011C34415E792AC00B46828 /* NSString+Blank.m in Sources */,
				1011C34715E7A4E000B46828 /* NSStringTest.m in Sources */,
				1011C34815E7A67700B46828 /* FPLog.m in Sources */,
				1011C34B15E7AABE00B46828 /* FPURLTest.m in Sources */,
				1011C34F15E7AFDD00B46828 /* FPDate.m in Sources */,
				1011C35215E7B34200B46828 /* FPDateTest.m in Sources */,
				10E261CD166C8E71001877DB /* UIImage+More.m in Sources */,
				10AF08C216A79A07007313D0 /* NSArray+Monolithic.m in Sources */,
			);
			runOnlyForDeploymentPostprocessing = 0;
		};
		10C0B174166E0DE600E99F8C /* Sources */ = {
			isa = PBXSourcesBuildPhase;
			buildActionMask = 2147483647;
			files = (
				10C0B185166E0DE600E99F8C /* FountainPenLogicTests.m in Sources */,
				10AF08C316A79A07007313D0 /* NSArray+Monolithic.m in Sources */,
			);
			runOnlyForDeploymentPostprocessing = 0;
		};
/* End PBXSourcesBuildPhase section */

/* Begin PBXTargetDependency section */
		1042AA6D15B28DE300F118A7 /* PBXTargetDependency */ = {
			isa = PBXTargetDependency;
			target = 1042AA4515B28DE300F118A7 /* FountainPen */;
			targetProxy = 1042AA6C15B28DE300F118A7 /* PBXContainerItemProxy */;
		};
/* End PBXTargetDependency section */

/* Begin PBXVariantGroup section */
		1042AA5315B28DE300F118A7 /* InfoPlist.strings */ = {
			isa = PBXVariantGroup;
			children = (
				1042AA5415B28DE300F118A7 /* en */,
			);
			name = InfoPlist.strings;
			sourceTree = "<group>";
		};
		1042AA5C15B28DE300F118A7 /* MainStoryboard.storyboard */ = {
			isa = PBXVariantGroup;
			children = (
				1042AA5D15B28DE300F118A7 /* en */,
			);
			name = MainStoryboard.storyboard;
			sourceTree = "<group>";
		};
		1042AA7115B28DE300F118A7 /* InfoPlist.strings */ = {
			isa = PBXVariantGroup;
			children = (
				1042AA7215B28DE300F118A7 /* en */,
			);
			name = InfoPlist.strings;
			sourceTree = "<group>";
		};
		1042AAAC15B2A7C900F118A7 /* Localizable.strings */ = {
			isa = PBXVariantGroup;
			children = (
				1042AAAB15B2A7C900F118A7 /* en */,
				1042AAAD15B2A7D300F118A7 /* ja */,
			);
			name = Localizable.strings;
			sourceTree = "<group>";
		};
		10C0B180166E0DE600E99F8C /* InfoPlist.strings */ = {
			isa = PBXVariantGroup;
			children = (
				10C0B181166E0DE600E99F8C /* en */,
			);
			name = InfoPlist.strings;
			sourceTree = "<group>";
		};
/* End PBXVariantGroup section */

/* Begin XCBuildConfiguration section */
		1042AA7715B28DE300F118A7 /* Debug */ = {
			isa = XCBuildConfiguration;
			buildSettings = {
				ALWAYS_SEARCH_USER_PATHS = NO;
				ARCHS = "$(ARCHS_STANDARD_32_BIT)";
				CLANG_ENABLE_OBJC_ARC = YES;
				"CODE_SIGN_IDENTITY[sdk=iphoneos*]" = "iPhone Developer";
				COPY_PHASE_STRIP = NO;
				GCC_C_LANGUAGE_STANDARD = gnu99;
				GCC_DYNAMIC_NO_PIC = NO;
				GCC_OPTIMIZATION_LEVEL = 0;
				GCC_PREPROCESSOR_DEFINITIONS = (
					"DEBUG=1",
					"$(inherited)",
				);
				GCC_SYMBOLS_PRIVATE_EXTERN = NO;
				GCC_VERSION = com.apple.compilers.llvm.clang.1_0;
				GCC_WARN_ABOUT_RETURN_TYPE = YES;
				GCC_WARN_UNINITIALIZED_AUTOS = YES;
				GCC_WARN_UNUSED_VARIABLE = YES;
				IPHONEOS_DEPLOYMENT_TARGET = 5.1;
				"PROVISIONING_PROFILE[sdk=iphoneos*]" = "";
				SDKROOT = iphoneos;
			};
			name = Debug;
		};
		1042AA7815B28DE300F118A7 /* Release */ = {
			isa = XCBuildConfiguration;
			buildSettings = {
				ALWAYS_SEARCH_USER_PATHS = NO;
				ARCHS = "$(ARCHS_STANDARD_32_BIT)";
				CLANG_ENABLE_OBJC_ARC = YES;
				"CODE_SIGN_IDENTITY[sdk=iphoneos*]" = "iPhone Developer";
				COPY_PHASE_STRIP = YES;
				GCC_C_LANGUAGE_STANDARD = gnu99;
				GCC_VERSION = com.apple.compilers.llvm.clang.1_0;
				GCC_WARN_ABOUT_RETURN_TYPE = YES;
				GCC_WARN_UNINITIALIZED_AUTOS = YES;
				GCC_WARN_UNUSED_VARIABLE = YES;
				IPHONEOS_DEPLOYMENT_TARGET = 5.1;
				OTHER_CFLAGS = "-DNS_BLOCK_ASSERTIONS=1";
				"PROVISIONING_PROFILE[sdk=iphoneos*]" = "";
				SDKROOT = iphoneos;
				VALIDATE_PRODUCT = YES;
			};
			name = Release;
		};
		1042AA7A15B28DE300F118A7 /* Debug */ = {
			isa = XCBuildConfiguration;
			buildSettings = {
				GCC_PRECOMPILE_PREFIX_HEADER = YES;
				GCC_PREFIX_HEADER = "FountainPen/FountainPen-Prefix.pch";
				INFOPLIST_FILE = "FountainPen/FountainPen-Info.plist";
				PRODUCT_NAME = "$(TARGET_NAME)";
				WRAPPER_EXTENSION = app;
			};
			name = Debug;
		};
		1042AA7B15B28DE300F118A7 /* Release */ = {
			isa = XCBuildConfiguration;
			buildSettings = {
				GCC_PRECOMPILE_PREFIX_HEADER = YES;
				GCC_PREFIX_HEADER = "FountainPen/FountainPen-Prefix.pch";
				INFOPLIST_FILE = "FountainPen/FountainPen-Info.plist";
				PRODUCT_NAME = "$(TARGET_NAME)";
				WRAPPER_EXTENSION = app;
			};
			name = Release;
		};
		1042AA7D15B28DE300F118A7 /* Debug */ = {
			isa = XCBuildConfiguration;
			buildSettings = {
				BUNDLE_LOADER = "$(BUILT_PRODUCTS_DIR)/FountainPen.app/FountainPen";
				FRAMEWORK_SEARCH_PATHS = (
					"$(SDKROOT)/Developer/Library/Frameworks",
					"$(DEVELOPER_LIBRARY_DIR)/Frameworks",
				);
				GCC_PRECOMPILE_PREFIX_HEADER = YES;
				GCC_PREFIX_HEADER = "FountainPen/FountainPen-Prefix.pch";
				INFOPLIST_FILE = "FountainPenTests/FountainPenTests-Info.plist";
				PRODUCT_NAME = "$(TARGET_NAME)";
				TEST_HOST = "$(BUNDLE_LOADER)";
				WRAPPER_EXTENSION = octest;
			};
			name = Debug;
		};
		1042AA7E15B28DE300F118A7 /* Release */ = {
			isa = XCBuildConfiguration;
			buildSettings = {
				BUNDLE_LOADER = "$(BUILT_PRODUCTS_DIR)/FountainPen.app/FountainPen";
				FRAMEWORK_SEARCH_PATHS = (
					"$(SDKROOT)/Developer/Library/Frameworks",
					"$(DEVELOPER_LIBRARY_DIR)/Frameworks",
				);
				GCC_PRECOMPILE_PREFIX_HEADER = YES;
				GCC_PREFIX_HEADER = "FountainPen/FountainPen-Prefix.pch";
				INFOPLIST_FILE = "FountainPenTests/FountainPenTests-Info.plist";
				PRODUCT_NAME = "$(TARGET_NAME)";
				TEST_HOST = "$(BUNDLE_LOADER)";
				WRAPPER_EXTENSION = octest;
			};
			name = Release;
		};
		10C0B188166E0DE600E99F8C /* Debug */ = {
			isa = XCBuildConfiguration;
			buildSettings = {
				CLANG_CXX_LANGUAGE_STANDARD = "gnu++0x";
				CLANG_CXX_LIBRARY = "libc++";
				CLANG_WARN_EMPTY_BODY = YES;
				CLANG_WARN__DUPLICATE_METHOD_MATCH = YES;
				FRAMEWORK_SEARCH_PATHS = (
					"\"$(SDKROOT)/Developer/Library/Frameworks\"",
					"\"$(DEVELOPER_LIBRARY_DIR)/Frameworks\"",
				);
				GCC_PRECOMPILE_PREFIX_HEADER = YES;
				GCC_PREFIX_HEADER = "FountainPenLogicTests/FountainPenLogicTests-Prefix.pch";
				INFOPLIST_FILE = "FountainPenLogicTests/FountainPenLogicTests-Info.plist";
				IPHONEOS_DEPLOYMENT_TARGET = 6.0;
				ONLY_ACTIVE_ARCH = YES;
				PRODUCT_NAME = "$(TARGET_NAME)";
				WRAPPER_EXTENSION = octest;
			};
			name = Debug;
		};
		10C0B189166E0DE600E99F8C /* Release */ = {
			isa = XCBuildConfiguration;
			buildSettings = {
				CLANG_CXX_LANGUAGE_STANDARD = "gnu++0x";
				CLANG_CXX_LIBRARY = "libc++";
				CLANG_WARN_EMPTY_BODY = YES;
				CLANG_WARN__DUPLICATE_METHOD_MATCH = YES;
				FRAMEWORK_SEARCH_PATHS = (
					"\"$(SDKROOT)/Developer/Library/Frameworks\"",
					"\"$(DEVELOPER_LIBRARY_DIR)/Frameworks\"",
				);
				GCC_PRECOMPILE_PREFIX_HEADER = YES;
				GCC_PREFIX_HEADER = "FountainPenLogicTests/FountainPenLogicTests-Prefix.pch";
				INFOPLIST_FILE = "FountainPenLogicTests/FountainPenLogicTests-Info.plist";
				IPHONEOS_DEPLOYMENT_TARGET = 6.0;
				PRODUCT_NAME = "$(TARGET_NAME)";
				WRAPPER_EXTENSION = octest;
			};
			name = Release;
		};
/* End XCBuildConfiguration section */

/* Begin XCConfigurationList section */
		1042AA4015B28DE300F118A7 /* Build configuration list for PBXProject "FountainPen" */ = {
			isa = XCConfigurationList;
			buildConfigurations = (
				1042AA7715B28DE300F118A7 /* Debug */,
				1042AA7815B28DE300F118A7 /* Release */,
			);
			defaultConfigurationIsVisible = 0;
			defaultConfigurationName = Release;
		};
		1042AA7915B28DE300F118A7 /* Build configuration list for PBXNativeTarget "FountainPen" */ = {
			isa = XCConfigurationList;
			buildConfigurations = (
				1042AA7A15B28DE300F118A7 /* Debug */,
				1042AA7B15B28DE300F118A7 /* Release */,
			);
			defaultConfigurationIsVisible = 0;
			defaultConfigurationName = Release;
		};
		1042AA7C15B28DE300F118A7 /* Build configuration list for PBXNativeTarget "FountainPenTests" */ = {
			isa = XCConfigurationList;
			buildConfigurations = (
				1042AA7D15B28DE300F118A7 /* Debug */,
				1042AA7E15B28DE300F118A7 /* Release */,
			);
			defaultConfigurationIsVisible = 0;
			defaultConfigurationName = Release;
		};
		10C0B187166E0DE600E99F8C /* Build configuration list for PBXNativeTarget "FountainPenLogicTests" */ = {
			isa = XCConfigurationList;
			buildConfigurations = (
				10C0B188166E0DE600E99F8C /* Debug */,
				10C0B189166E0DE600E99F8C /* Release */,
			);
			defaultConfigurationIsVisible = 0;
			defaultConfigurationName = Release;
		};
/* End XCConfigurationList section */
	};
	rootObject = 1042AA3D15B28DE300F118A7 /* Project object */;
}
